// !$*UTF8*$!
{
	archiveVersion = 1;
	classes = {
	};
	objectVersion = 45;
	objects = {

/* Begin PBXBuildFile section */
		1D3623260D0F684500981E51 /* IUPUI_ULAppDelegate.m in Sources */ = {isa = PBXBuildFile; fileRef = 1D3623250D0F684500981E51 /* IUPUI_ULAppDelegate.m */; };
		1D60589B0D05DD56006BFB54 /* main.m in Sources */ = {isa = PBXBuildFile; fileRef = 29B97316FDCFA39411CA2CEA /* main.m */; };
		1D60589F0D05DD5A006BFB54 /* Foundation.framework in Frameworks */ = {isa = PBXBuildFile; fileRef = 1D30AB110D05D00D00671497 /* Foundation.framework */; };
		1DF5F4E00D08C38300B7A737 /* UIKit.framework in Frameworks */ = {isa = PBXBuildFile; fileRef = 1DF5F4DF0D08C38300B7A737 /* UIKit.framework */; };
		2892E4100DC94CBA00A64D0F /* CoreGraphics.framework in Frameworks */ = {isa = PBXBuildFile; fileRef = 2892E40F0DC94CBA00A64D0F /* CoreGraphics.framework */; };
		28AD73600D9D9599002E5188 /* MainWindow.xib in Resources */ = {isa = PBXBuildFile; fileRef = 28AD735F0D9D9599002E5188 /* MainWindow.xib */; };
		28C286E10D94DF7D0034E888 /* RootViewController.m in Sources */ = {isa = PBXBuildFile; fileRef = 28C286E00D94DF7D0034E888 /* RootViewController.m */; };
		28F335F11007B36200424DE2 /* RootViewController.xib in Resources */ = {isa = PBXBuildFile; fileRef = 28F335F01007B36200424DE2 /* RootViewController.xib */; };
		A108F6C11312CD3A00C0BA44 /* HoursViewController.m in Sources */ = {isa = PBXBuildFile; fileRef = A108F6BF1312CD3A00C0BA44 /* HoursViewController.m */; };
		A108F6C21312CD3A00C0BA44 /* HoursViewController.xib in Resources */ = {isa = PBXBuildFile; fileRef = A108F6C01312CD3A00C0BA44 /* HoursViewController.xib */; };
		A1A67DBE131EA0040085A762 /* Hours.m in Sources */ = {isa = PBXBuildFile; fileRef = A1A67DBD131EA0040085A762 /* Hours.m */; };
		A1AAC4AB1327C42D0017310D /* second_floor.jpg in Resources */ = {isa = PBXBuildFile; fileRef = A1AAC4AA1327C42D0017310D /* second_floor.jpg */; };
		A1AC68391316B8B900194839 /* ulib_hours.xml in Resources */ = {isa = PBXBuildFile; fileRef = A1AC68381316B8B900194839 /* ulib_hours.xml */; };
		A1AC683C1316BE7A00194839 /* XPathQuery.m in Sources */ = {isa = PBXBuildFile; fileRef = A1AC683A1316BE7A00194839 /* XPathQuery.m */; };
		A1D5528813212651004B7536 /* ComputersViewController.m in Sources */ = {isa = PBXBuildFile; fileRef = A1D5528613212651004B7536 /* ComputersViewController.m */; };
		A1D5528913212651004B7536 /* ComputersViewController.xib in Resources */ = {isa = PBXBuildFile; fileRef = A1D5528713212651004B7536 /* ComputersViewController.xib */; };
		A1D552DB13213889004B7536 /* Computers.m in Sources */ = {isa = PBXBuildFile; fileRef = A1D552DA13213889004B7536 /* Computers.m */; };
		A1D597F5131562240016A58F /* HoursExceptionsViewController.m in Sources */ = {isa = PBXBuildFile; fileRef = A1D597F3131562240016A58F /* HoursExceptionsViewController.m */; };
		A1D597F6131562240016A58F /* HoursExceptionsViewController.xib in Resources */ = {isa = PBXBuildFile; fileRef = A1D597F4131562240016A58F /* HoursExceptionsViewController.xib */; };
		A1D597FC131562640016A58F /* HoursByDateViewController.m in Sources */ = {isa = PBXBuildFile; fileRef = A1D597FA131562640016A58F /* HoursByDateViewController.m */; };
		A1D597FD131562640016A58F /* HoursByDateViewController.xib in Resources */ = {isa = PBXBuildFile; fileRef = A1D597FB131562640016A58F /* HoursByDateViewController.xib */; };
/* End PBXBuildFile section */

/* Begin PBXFileReference section */
		1D30AB110D05D00D00671497 /* Foundation.framework */ = {isa = PBXFileReference; lastKnownFileType = wrapper.framework; name = Foundation.framework; path = System/Library/Frameworks/Foundation.framework; sourceTree = SDKROOT; };
		1D3623240D0F684500981E51 /* IUPUI_ULAppDelegate.h */ = {isa = PBXFileReference; fileEncoding = 4; lastKnownFileType = sourcecode.c.h; path = IUPUI_ULAppDelegate.h; sourceTree = "<group>"; };
		1D3623250D0F684500981E51 /* IUPUI_ULAppDelegate.m */ = {isa = PBXFileReference; fileEncoding = 4; lastKnownFileType = sourcecode.c.objc; path = IUPUI_ULAppDelegate.m; sourceTree = "<group>"; };
		1D6058910D05DD3D006BFB54 /* IUPUI_UL.app */ = {isa = PBXFileReference; explicitFileType = wrapper.application; includeInIndex = 0; path = IUPUI_UL.app; sourceTree = BUILT_PRODUCTS_DIR; };
		1DF5F4DF0D08C38300B7A737 /* UIKit.framework */ = {isa = PBXFileReference; lastKnownFileType = wrapper.framework; name = UIKit.framework; path = System/Library/Frameworks/UIKit.framework; sourceTree = SDKROOT; };
		2892E40F0DC94CBA00A64D0F /* CoreGraphics.framework */ = {isa = PBXFileReference; lastKnownFileType = wrapper.framework; name = CoreGraphics.framework; path = System/Library/Frameworks/CoreGraphics.framework; sourceTree = SDKROOT; };
		28A0AAE50D9B0CCF005BE974 /* IUPUI_UL_Prefix.pch */ = {isa = PBXFileReference; fileEncoding = 4; lastKnownFileType = sourcecode.c.h; path = IUPUI_UL_Prefix.pch; sourceTree = "<group>"; };
		28AD735F0D9D9599002E5188 /* MainWindow.xib */ = {isa = PBXFileReference; lastKnownFileType = file.xib; path = MainWindow.xib; sourceTree = "<group>"; };
		28C286DF0D94DF7D0034E888 /* RootViewController.h */ = {isa = PBXFileReference; fileEncoding = 4; lastKnownFileType = sourcecode.c.h; path = RootViewController.h; sourceTree = "<group>"; };
		28C286E00D94DF7D0034E888 /* RootViewController.m */ = {isa = PBXFileReference; fileEncoding = 4; lastKnownFileType = sourcecode.c.objc; path = RootViewController.m; sourceTree = "<group>"; };
		28F335F01007B36200424DE2 /* RootViewController.xib */ = {isa = PBXFileReference; lastKnownFileType = file.xib; path = RootViewController.xib; sourceTree = "<group>"; };
		29B97316FDCFA39411CA2CEA /* main.m */ = {isa = PBXFileReference; fileEncoding = 4; lastKnownFileType = sourcecode.c.objc; path = main.m; sourceTree = "<group>"; };
		8D1107310486CEB800E47090 /* IUPUI_UL-Info.plist */ = {isa = PBXFileReference; fileEncoding = 4; lastKnownFileType = text.plist.xml; path = "IUPUI_UL-Info.plist"; plistStructureDefinitionIdentifier = "com.apple.xcode.plist.structure-definition.iphone.info-plist"; sourceTree = "<group>"; };
		A108F6BE1312CD3A00C0BA44 /* HoursViewController.h */ = {isa = PBXFileReference; fileEncoding = 4; lastKnownFileType = sourcecode.c.h; path = HoursViewController.h; sourceTree = "<group>"; };
		A108F6BF1312CD3A00C0BA44 /* HoursViewController.m */ = {isa = PBXFileReference; fileEncoding = 4; lastKnownFileType = sourcecode.c.objc; path = HoursViewController.m; sourceTree = "<group>"; };
		A108F6C01312CD3A00C0BA44 /* HoursViewController.xib */ = {isa = PBXFileReference; lastKnownFileType = file.xib; name = HoursViewController.xib; path = Classes/HoursViewController.xib; sourceTree = "<group>"; };
		A1A67DBC131EA0040085A762 /* Hours.h */ = {isa = PBXFileReference; fileEncoding = 4; lastKnownFileType = sourcecode.c.h; path = Hours.h; sourceTree = "<group>"; };
		A1A67DBD131EA0040085A762 /* Hours.m */ = {isa = PBXFileReference; fileEncoding = 4; lastKnownFileType = sourcecode.c.objc; path = Hours.m; sourceTree = "<group>"; };
		A1AAC4AA1327C42D0017310D /* second_floor.jpg */ = {isa = PBXFileReference; lastKnownFileType = image.jpeg; path = second_floor.jpg; sourceTree = "<group>"; };
		A1AC68381316B8B900194839 /* ulib_hours.xml */ = {isa = PBXFileReference; fileEncoding = 4; lastKnownFileType = text.xml; path = ulib_hours.xml; sourceTree = "<group>"; };
		A1AC683A1316BE7A00194839 /* XPathQuery.m */ = {isa = PBXFileReference; fileEncoding = 4; lastKnownFileType = sourcecode.c.objc; path = XPathQuery.m; sourceTree = "<group>"; };
		A1AC683B1316BE7A00194839 /* XPathQuery.h */ = {isa = PBXFileReference; fileEncoding = 4; lastKnownFileType = sourcecode.c.h; path = XPathQuery.h; sourceTree = "<group>"; };
		A1D5528513212651004B7536 /* ComputersViewController.h */ = {isa = PBXFileReference; fileEncoding = 4; lastKnownFileType = sourcecode.c.h; path = ComputersViewController.h; sourceTree = "<group>"; };
		A1D5528613212651004B7536 /* ComputersViewController.m */ = {isa = PBXFileReference; fileEncoding = 4; lastKnownFileType = sourcecode.c.objc; path = ComputersViewController.m; sourceTree = "<group>"; };
		A1D5528713212651004B7536 /* ComputersViewController.xib */ = {isa = PBXFileReference; lastKnownFileType = file.xib; name = ComputersViewController.xib; path = Classes/ComputersViewController.xib; sourceTree = "<group>"; };
		A1D552D913213889004B7536 /* Computers.h */ = {isa = PBXFileReference; fileEncoding = 4; lastKnownFileType = sourcecode.c.h; path = Computers.h; sourceTree = "<group>"; };
		A1D552DA13213889004B7536 /* Computers.m */ = {isa = PBXFileReference; fileEncoding = 4; lastKnownFileType = sourcecode.c.objc; path = Computers.m; sourceTree = "<group>"; };
		A1D597F2131562240016A58F /* HoursExceptionsViewController.h */ = {isa = PBXFileReference; fileEncoding = 4; lastKnownFileType = sourcecode.c.h; path = HoursExceptionsViewController.h; sourceTree = "<group>"; };
		A1D597F3131562240016A58F /* HoursExceptionsViewController.m */ = {isa = PBXFileReference; fileEncoding = 4; lastKnownFileType = sourcecode.c.objc; path = HoursExceptionsViewController.m; sourceTree = "<group>"; };
		A1D597F4131562240016A58F /* HoursExceptionsViewController.xib */ = {isa = PBXFileReference; lastKnownFileType = file.xib; name = HoursExceptionsViewController.xib; path = Classes/HoursExceptionsViewController.xib; sourceTree = "<group>"; };
		A1D597F9131562640016A58F /* HoursByDateViewController.h */ = {isa = PBXFileReference; fileEncoding = 4; lastKnownFileType = sourcecode.c.h; name = HoursByDateViewController.h; path = ../HoursByDateViewController.h; sourceTree = "<group>"; };
		A1D597FA131562640016A58F /* HoursByDateViewController.m */ = {isa = PBXFileReference; fileEncoding = 4; lastKnownFileType = sourcecode.c.objc; name = HoursByDateViewController.m; path = ../HoursByDateViewController.m; sourceTree = "<group>"; };
		A1D597FB131562640016A58F /* HoursByDateViewController.xib */ = {isa = PBXFileReference; lastKnownFileType = file.xib; path = HoursByDateViewController.xib; sourceTree = "<group>"; };
/* End PBXFileReference section */

/* Begin PBXFrameworksBuildPhase section */
		1D60588F0D05DD3D006BFB54 /* Frameworks */ = {
			isa = PBXFrameworksBuildPhase;
			buildActionMask = 2147483647;
			files = (
				1D60589F0D05DD5A006BFB54 /* Foundation.framework in Frameworks */,
				1DF5F4E00D08C38300B7A737 /* UIKit.framework in Frameworks */,
				2892E4100DC94CBA00A64D0F /* CoreGraphics.framework in Frameworks */,
			);
			runOnlyForDeploymentPostprocessing = 0;
		};
/* End PBXFrameworksBuildPhase section */

/* Begin PBXGroup section */
		080E96DDFE201D6D7F000001 /* Classes */ = {
			isa = PBXGroup;
			children = (
				A1D552D913213889004B7536 /* Computers.h */,
				A1D552DA13213889004B7536 /* Computers.m */,
				A1D5528513212651004B7536 /* ComputersViewController.h */,
				A1D5528613212651004B7536 /* ComputersViewController.m */,
				A1A67DBC131EA0040085A762 /* Hours.h */,
				A1A67DBD131EA0040085A762 /* Hours.m */,
				28C286DF0D94DF7D0034E888 /* RootViewController.h */,
				28C286E00D94DF7D0034E888 /* RootViewController.m */,
				1D3623240D0F684500981E51 /* IUPUI_ULAppDelegate.h */,
				1D3623250D0F684500981E51 /* IUPUI_ULAppDelegate.m */,
				A108F6BE1312CD3A00C0BA44 /* HoursViewController.h */,
				A108F6BF1312CD3A00C0BA44 /* HoursViewController.m */,
				A1D597F2131562240016A58F /* HoursExceptionsViewController.h */,
				A1D597F3131562240016A58F /* HoursExceptionsViewController.m */,
				A1D597F9131562640016A58F /* HoursByDateViewController.h */,
				A1D597FA131562640016A58F /* HoursByDateViewController.m */,
				A1AC683B1316BE7A00194839 /* XPathQuery.h */,
				A1AC683A1316BE7A00194839 /* XPathQuery.m */,
			);
			path = Classes;
			sourceTree = "<group>";
		};
		19C28FACFE9D520D11CA2CBB /* Products */ = {
			isa = PBXGroup;
			children = (
				1D6058910D05DD3D006BFB54 /* IUPUI_UL.app */,
			);
			name = Products;
			sourceTree = "<group>";
		};
		29B97314FDCFA39411CA2CEA /* CustomTemplate */ = {
			isa = PBXGroup;
			children = (
				080E96DDFE201D6D7F000001 /* Classes */,
				29B97315FDCFA39411CA2CEA /* Other Sources */,
				29B97317FDCFA39411CA2CEA /* Resources */,
				29B97323FDCFA39411CA2CEA /* Frameworks */,
				19C28FACFE9D520D11CA2CBB /* Products */,
			);
			name = CustomTemplate;
			sourceTree = "<group>";
		};
		29B97315FDCFA39411CA2CEA /* Other Sources */ = {
			isa = PBXGroup;
			children = (
				28A0AAE50D9B0CCF005BE974 /* IUPUI_UL_Prefix.pch */,
				29B97316FDCFA39411CA2CEA /* main.m */,
			);
			name = "Other Sources";
			sourceTree = "<group>";
		};
		29B97317FDCFA39411CA2CEA /* Resources */ = {
			isa = PBXGroup;
			children = (
				A1AAC4AA1327C42D0017310D /* second_floor.jpg */,
				A1AC68381316B8B900194839 /* ulib_hours.xml */,
				A1D5528713212651004B7536 /* ComputersViewController.xib */,
				A1D597F4131562240016A58F /* HoursExceptionsViewController.xib */,
				A1D597FB131562640016A58F /* HoursByDateViewController.xib */,
				A108F6C01312CD3A00C0BA44 /* HoursViewController.xib */,
				28F335F01007B36200424DE2 /* RootViewController.xib */,
				28AD735F0D9D9599002E5188 /* MainWindow.xib */,
				8D1107310486CEB800E47090 /* IUPUI_UL-Info.plist */,
			);
			name = Resources;
			sourceTree = "<group>";
		};
		29B97323FDCFA39411CA2CEA /* Frameworks */ = {
			isa = PBXGroup;
			children = (
				1DF5F4DF0D08C38300B7A737 /* UIKit.framework */,
				1D30AB110D05D00D00671497 /* Foundation.framework */,
				2892E40F0DC94CBA00A64D0F /* CoreGraphics.framework */,
			);
			name = Frameworks;
			sourceTree = "<group>";
		};
/* End PBXGroup section */

/* Begin PBXNativeTarget section */
		1D6058900D05DD3D006BFB54 /* IUPUI_UL */ = {
			isa = PBXNativeTarget;
			buildConfigurationList = 1D6058960D05DD3E006BFB54 /* Build configuration list for PBXNativeTarget "IUPUI_UL" */;
			buildPhases = (
				1D60588D0D05DD3D006BFB54 /* Resources */,
				1D60588E0D05DD3D006BFB54 /* Sources */,
				1D60588F0D05DD3D006BFB54 /* Frameworks */,
			);
			buildRules = (
			);
			dependencies = (
			);
			name = IUPUI_UL;
			productName = IUPUI_UL;
			productReference = 1D6058910D05DD3D006BFB54 /* IUPUI_UL.app */;
			productType = "com.apple.product-type.application";
		};
/* End PBXNativeTarget section */

/* Begin PBXProject section */
		29B97313FDCFA39411CA2CEA /* Project object */ = {
			isa = PBXProject;
			buildConfigurationList = C01FCF4E08A954540054247B /* Build configuration list for PBXProject "IUPUI_UL" */;
			compatibilityVersion = "Xcode 3.1";
			developmentRegion = English;
			hasScannedForEncodings = 1;
			knownRegions = (
				English,
				Japanese,
				French,
				German,
				en,
			);
			mainGroup = 29B97314FDCFA39411CA2CEA /* CustomTemplate */;
			projectDirPath = "";
			projectRoot = "";
			targets = (
				1D6058900D05DD3D006BFB54 /* IUPUI_UL */,
			);
		};
/* End PBXProject section */

/* Begin PBXResourcesBuildPhase section */
		1D60588D0D05DD3D006BFB54 /* Resources */ = {
			isa = PBXResourcesBuildPhase;
			buildActionMask = 2147483647;
			files = (
				28AD73600D9D9599002E5188 /* MainWindow.xib in Resources */,
				28F335F11007B36200424DE2 /* RootViewController.xib in Resources */,
				A108F6C21312CD3A00C0BA44 /* HoursViewController.xib in Resources */,
				A1D597F6131562240016A58F /* HoursExceptionsViewController.xib in Resources */,
				A1D597FD131562640016A58F /* HoursByDateViewController.xib in Resources */,
				A1AC68391316B8B900194839 /* ulib_hours.xml in Resources */,
				A1D5528913212651004B7536 /* ComputersViewController.xib in Resources */,
				A1AAC4AB1327C42D0017310D /* second_floor.jpg in Resources */,
			);
			runOnlyForDeploymentPostprocessing = 0;
		};
/* End PBXResourcesBuildPhase section */

/* Begin PBXSourcesBuildPhase section */
		1D60588E0D05DD3D006BFB54 /* Sources */ = {
			isa = PBXSourcesBuildPhase;
			buildActionMask = 2147483647;
			files = (
				1D60589B0D05DD56006BFB54 /* main.m in Sources */,
				1D3623260D0F684500981E51 /* IUPUI_ULAppDelegate.m in Sources */,
				28C286E10D94DF7D0034E888 /* RootViewController.m in Sources */,
				A108F6C11312CD3A00C0BA44 /* HoursViewController.m in Sources */,
				A1D597F5131562240016A58F /* HoursExceptionsViewController.m in Sources */,
				A1D597FC131562640016A58F /* HoursByDateViewController.m in Sources */,
				A1AC683C1316BE7A00194839 /* XPathQuery.m in Sources */,
				A1A67DBE131EA0040085A762 /* Hours.m in Sources */,
				A1D5528813212651004B7536 /* ComputersViewController.m in Sources */,
				A1D552DB13213889004B7536 /* Computers.m in Sources */,
			);
			runOnlyForDeploymentPostprocessing = 0;
		};
/* End PBXSourcesBuildPhase section */

/* Begin XCBuildConfiguration section */
		1D6058940D05DD3E006BFB54 /* Debug */ = {
			isa = XCBuildConfiguration;
			buildSettings = {
				ALWAYS_SEARCH_USER_PATHS = NO;
				COPY_PHASE_STRIP = NO;
				GCC_DYNAMIC_NO_PIC = NO;
				GCC_OPTIMIZATION_LEVEL = 0;
				GCC_PRECOMPILE_PREFIX_HEADER = YES;
				GCC_PREFIX_HEADER = IUPUI_UL_Prefix.pch;
				INFOPLIST_FILE = "IUPUI_UL-Info.plist";
				PRODUCT_NAME = IUPUI_UL;
			};
			name = Debug;
		};
		1D6058950D05DD3E006BFB54 /* Release */ = {
			isa = XCBuildConfiguration;
			buildSettings = {
				ALWAYS_SEARCH_USER_PATHS = NO;
				COPY_PHASE_STRIP = YES;
				GCC_PRECOMPILE_PREFIX_HEADER = YES;
				GCC_PREFIX_HEADER = IUPUI_UL_Prefix.pch;
				INFOPLIST_FILE = "IUPUI_UL-Info.plist";
				PRODUCT_NAME = IUPUI_UL;
				VALIDATE_PRODUCT = YES;
			};
			name = Release;
		};
		C01FCF4F08A954540054247B /* Debug */ = {
			isa = XCBuildConfiguration;
			buildSettings = {
				ARCHS = "$(ARCHS_STANDARD_32_BIT)";
				"CODE_SIGN_IDENTITY[sdk=iphoneos*]" = "iPhone Developer";
				GCC_C_LANGUAGE_STANDARD = c99;
				GCC_WARN_ABOUT_RETURN_TYPE = YES;
				GCC_WARN_UNUSED_VARIABLE = YES;
				HEADER_SEARCH_PATHS = "${SDKROOT}/usr/include/libxml2";
				OTHER_LDFLAGS = "-lxml2";
				PREBINDING = NO;
				SDKROOT = iphoneos;
			};
			name = Debug;
		};
		C01FCF5008A954540054247B /* Release */ = {
			isa = XCBuildConfiguration;
			buildSettings = {
				ARCHS = "$(ARCHS_STANDARD_32_BIT)";
				"CODE_SIGN_IDENTITY[sdk=iphoneos*]" = "iPhone Developer";
				GCC_C_LANGUAGE_STANDARD = c99;
				GCC_WARN_ABOUT_RETURN_TYPE = YES;
				GCC_WARN_UNUSED_VARIABLE = YES;
				OTHER_CFLAGS = "-DNS_BLOCK_ASSERTIONS=1";
				PREBINDING = NO;
				SDKROOT = iphoneos;
			};
			name = Release;
		};
/* End XCBuildConfiguration section */

/* Begin XCConfigurationList section */
		1D6058960D05DD3E006BFB54 /* Build configuration list for PBXNativeTarget "IUPUI_UL" */ = {
			isa = XCConfigurationList;
			buildConfigurations = (
				1D6058940D05DD3E006BFB54 /* Debug */,
				1D6058950D05DD3E006BFB54 /* Release */,
			);
			defaultConfigurationIsVisible = 0;
			defaultConfigurationName = Release;
		};
		C01FCF4E08A954540054247B /* Build configuration list for PBXProject "IUPUI_UL" */ = {
			isa = XCConfigurationList;
			buildConfigurations = (
				C01FCF4F08A954540054247B /* Debug */,
				C01FCF5008A954540054247B /* Release */,
			);
			defaultConfigurationIsVisible = 0;
			defaultConfigurationName = Release;
		};
/* End XCConfigurationList section */
	};
	rootObject = 29B97313FDCFA39411CA2CEA /* Project object */;
}
